
Microsoft Visual Studio Solution File, Format Version 12.00
# Visual Studio Version 16
VisualStudioVersion = 16.0.31112.23
MinimumVisualStudioVersion = 10.0.40219.1
Project("{9A19103F-16F7-4668-BE54-9A1E7A4F7556}") = "TradingPlatformAPI", "TradingPlatformAPI\TradingPlatformAPI.csproj", "{F5D3243F-BFAE-428A-88DE-DF8BA71B6A58}"
EndProject
Project("{FAE04EC0-301F-11D3-BF4B-00C04F79EFBC}") = "CSharpAPI", "CSharpAPI\CSharpAPI.csproj", "{E6AFC330-1809-41E6-ADEC-772354F39E8C}"
EndProject
Global
	GlobalSection(SolutionConfigurationPlatforms) = preSolution
		Debug|Any CPU = Debug|Any CPU
		Release|Any CPU = Release|Any CPU
	EndGlobalSection
	GlobalSection(ProjectConfigurationPlatforms) = postSolution
		{F5D3243F-BFAE-428A-88DE-DF8BA71B6A58}.Debug|Any CPU.ActiveCfg = Debug|Any CPU
		{F5D3243F-BFAE-428A-88DE-DF8BA71B6A58}.Debug|Any CPU.Build.0 = Debug|Any CPU
		{F5D3243F-BFAE-428A-88DE-DF8BA71B6A58}.Release|Any CPU.ActiveCfg = Release|Any CPU
		{F5D3243F-BFAE-428A-88DE-DF8BA71B6A58}.Release|Any CPU.Build.0 = Release|Any CPU
		{E6AFC330-1809-41E6-ADEC-772354F39E8C}.Debug|Any CPU.ActiveCfg = Debug|Any CPU
		{E6AFC330-1809-41E6-ADEC-772354F39E8C}.Debug|Any CPU.Build.0 = Debug|Any CPU
		{E6AFC330-1809-41E6-ADEC-772354F39E8C}.Release|Any CPU.ActiveCfg = Release|Any CPU
		{E6AFC330-1809-41E6-ADEC-772354F39E8C}.Release|Any CPU.Build.0 = Release|Any CPU
	EndGlobalSection
	GlobalSection(SolutionProperties) = preSolution
		HideSolutionNode = FALSE
	EndGlobalSection
	GlobalSection(ExtensibilityGlobals) = postSolution
		SolutionGuid = {9BA131B6-DE69-4FE2-BE73-971C98001D30}
	EndGlobalSection
EndGlobal
